
Microsoft Visual Studio Solution File, Format Version 12.00
# Visual Studio for Mac
Project("{FAE04EC0-301F-11D3-BF4B-00C04F79EFBC}") = "DBY RPG.Plugins", "DBY RPG.Plugins.csproj", "{313346EC-28E7-0D37-9EA5-DC0A83041273}"
EndProject
Project("{FAE04EC0-301F-11D3-BF4B-00C04F79EFBC}") = "DBY RPG", "DBY RPG.csproj", "{9C3A5DC7-CB45-CFC8-1D45-BE827B2CD184}"
EndProject
Project("{FAE04EC0-301F-11D3-BF4B-00C04F79EFBC}") = "DBY RPG.Editor.Plugins", "DBY RPG.Editor.Plugins.csproj", "{0186C70C-3F22-9307-986D-7AD07897AEE4}"
EndProject
Global
	GlobalSection(SolutionConfigurationPlatforms) = preSolution
		Debug|Any CPU = Debug|Any CPU
		Release|Any CPU = Release|Any CPU
	EndGlobalSection
	GlobalSection(ProjectConfigurationPlatforms) = postSolution
		{313346EC-28E7-0D37-9EA5-DC0A83041273}.Debug|Any CPU.ActiveCfg = Debug|Any CPU
		{313346EC-28E7-0D37-9EA5-DC0A83041273}.Debug|Any CPU.Build.0 = Debug|Any CPU
		{313346EC-28E7-0D37-9EA5-DC0A83041273}.Release|Any CPU.ActiveCfg = Release|Any CPU
		{313346EC-28E7-0D37-9EA5-DC0A83041273}.Release|Any CPU.Build.0 = Release|Any CPU
		{9C3A5DC7-CB45-CFC8-1D45-BE827B2CD184}.Debug|Any CPU.ActiveCfg = Debug|Any CPU
		{9C3A5DC7-CB45-CFC8-1D45-BE827B2CD184}.Debug|Any CPU.Build.0 = Debug|Any CPU
		{9C3A5DC7-CB45-CFC8-1D45-BE827B2CD184}.Release|Any CPU.ActiveCfg = Release|Any CPU
		{9C3A5DC7-CB45-CFC8-1D45-BE827B2CD184}.Release|Any CPU.Build.0 = Release|Any CPU
		{0186C70C-3F22-9307-986D-7AD07897AEE4}.Debug|Any CPU.ActiveCfg = Debug|Any CPU
		{0186C70C-3F22-9307-986D-7AD07897AEE4}.Debug|Any CPU.Build.0 = Debug|Any CPU
		{0186C70C-3F22-9307-986D-7AD07897AEE4}.Release|Any CPU.ActiveCfg = Release|Any CPU
		{0186C70C-3F22-9307-986D-7AD07897AEE4}.Release|Any CPU.Build.0 = Release|Any CPU
	EndGlobalSection
	GlobalSection(SolutionProperties) = preSolution
		HideSolutionNode = FALSE
	EndGlobalSection
EndGlobal
